
Microsoft Visual Studio Solution File, Format Version 12.00
# Visual Studio Version 16
VisualStudioVersion = 16.0.31911.196
MinimumVisualStudioVersion = 10.0.40219.1
Project("{FAE04EC0-301F-11D3-BF4B-00C04F79EFBC}") = "SampleGit", "SampleGit.csproj", "{01BAC961-E7B0-4B72-A648-04A3CA79173F}"
EndProject
Global
	GlobalSection(SolutionConfigurationPlatforms) = preSolution
		Debug|Any CPU = Debug|Any CPU
		Release|Any CPU = Release|Any CPU
	EndGlobalSection
	GlobalSection(ProjectConfigurationPlatforms) = postSolution
		{01BAC961-E7B0-4B72-A648-04A3CA79173F}.Debug|Any CPU.ActiveCfg = Debug|Any CPU
		{01BAC961-E7B0-4B72-A648-04A3CA79173F}.Debug|Any CPU.Build.0 = Debug|Any CPU
		{01BAC961-E7B0-4B72-A648-04A3CA79173F}.Release|Any CPU.ActiveCfg = Release|Any CPU
		{01BAC961-E7B0-4B72-A648-04A3CA79173F}.Release|Any CPU.Build.0 = Release|Any CPU
	EndGlobalSection
	GlobalSection(SolutionProperties) = preSolution
		HideSolutionNode = FALSE
	EndGlobalSection
	GlobalSection(ExtensibilityGlobals) = postSolution
		SolutionGuid = {D92D1E69-B6A6-47D1-84C5-C827410F49A4}
	EndGlobalSection
EndGlobal
